
Microsoft Visual Studio Solution File, Format Version 12.00
# Visual Studio Version 16
VisualStudioVersion = 16.0.31410.357
MinimumVisualStudioVersion = 10.0.40219.1
Project("{FAE04EC0-301F-11D3-BF4B-00C04F79EFBC}") = "BedWars.NET", "BedWars.NET.csproj", "{CC785707-04DE-4A80-8B64-0755B71D2101}"
EndProject
Global
	GlobalSection(SolutionConfigurationPlatforms) = preSolution
		Debug|Any CPU = Debug|Any CPU
		Release|Any CPU = Release|Any CPU
	EndGlobalSection
	GlobalSection(ProjectConfigurationPlatforms) = postSolution
		{CC785707-04DE-4A80-8B64-0755B71D2101}.Debug|Any CPU.ActiveCfg = Debug|Any CPU
		{CC785707-04DE-4A80-8B64-0755B71D2101}.Debug|Any CPU.Build.0 = Debug|Any CPU
		{CC785707-04DE-4A80-8B64-0755B71D2101}.Release|Any CPU.ActiveCfg = Release|Any CPU
		{CC785707-04DE-4A80-8B64-0755B71D2101}.Release|Any CPU.Build.0 = Release|Any CPU
	EndGlobalSection
	GlobalSection(SolutionProperties) = preSolution
		HideSolutionNode = FALSE
	EndGlobalSection
	GlobalSection(ExtensibilityGlobals) = postSolution
		SolutionGuid = {4DF7BB92-04E7-4A9E-9F79-8C0ACBEB2F3F}
	EndGlobalSection
EndGlobal
